
Microsoft Visual Studio Solution File, Format Version 12.00
# Visual Studio Version 17
VisualStudioVersion = 17.14.36221.1 d17.14
MinimumVisualStudioVersion = 10.0.40219.1
Project("{FAE04EC0-301F-11D3-BF4B-00C04F79EFBC}") = "Assignment 6.1.3", "Assignment 6.1.3\Assignment 6.1.3.csproj", "{8068B82F-9E1F-45E9-9470-668EDF210451}"
EndProject
Global
	GlobalSection(SolutionConfigurationPlatforms) = preSolution
		Debug|Any CPU = Debug|Any CPU
		Release|Any CPU = Release|Any CPU
	EndGlobalSection
	GlobalSection(ProjectConfigurationPlatforms) = postSolution
		{8068B82F-9E1F-45E9-9470-668EDF210451}.Debug|Any CPU.ActiveCfg = Debug|Any CPU
		{8068B82F-9E1F-45E9-9470-668EDF210451}.Debug|Any CPU.Build.0 = Debug|Any CPU
		{8068B82F-9E1F-45E9-9470-668EDF210451}.Release|Any CPU.ActiveCfg = Release|Any CPU
		{8068B82F-9E1F-45E9-9470-668EDF210451}.Release|Any CPU.Build.0 = Release|Any CPU
	EndGlobalSection
	GlobalSection(SolutionProperties) = preSolution
		HideSolutionNode = FALSE
	EndGlobalSection
	GlobalSection(ExtensibilityGlobals) = postSolution
		SolutionGuid = {855F574B-60BF-44A7-AD57-6C62C49EDA2A}
	EndGlobalSection
EndGlobal
